// !$*UTF8*$!
{
	archiveVersion = 1;
	classes = {
	};
	objectVersion = 46;
	objects = {

/* Begin PBXBuildFile section */
		04E952BE523748DF2AAE9CCD /* libPods-ReflectionDemo.a in Frameworks */ = {isa = PBXBuildFile; fileRef = B6301F3079B4AE2E4F9EF3E7 /* libPods-ReflectionDemo.a */; };
		5799F8FE1D6ED25900D1A3E3 /* libMyLib1.a in Frameworks */ = {isa = PBXBuildFile; fileRef = 5799F8FB1D6ED25900D1A3E3 /* libMyLib1.a */; };
		5799F91D1D6ED5CB00D1A3E3 /* MyFWorkLib.framework in Frameworks */ = {isa = PBXBuildFile; fileRef = 5799F91C1D6ED5CB00D1A3E3 /* MyFWorkLib.framework */; };
		5799F93F1D6ED8F900D1A3E3 /* MyDynamicLib.framework in Embed Frameworks */ = {isa = PBXBuildFile; fileRef = 5799F93B1D6ED81900D1A3E3 /* MyDynamicLib.framework */; settings = {ATTRIBUTES = (CodeSignOnCopy, RemoveHeadersOnCopy, ); }; };
		5799F9431D6ED99700D1A3E3 /* MyDynamicLib.framework in Frameworks */ = {isa = PBXBuildFile; fileRef = 5799F9421D6ED95200D1A3E3 /* MyDynamicLib.framework */; };
		57F81C791D6D76A800C474AE /* main.m in Sources */ = {isa = PBXBuildFile; fileRef = 57F81C781D6D76A800C474AE /* main.m */; };
		57F81C7C1D6D76A800C474AE /* AppDelegate.m in Sources */ = {isa = PBXBuildFile; fileRef = 57F81C7B1D6D76A800C474AE /* AppDelegate.m */; };
		57F81C7F1D6D76A800C474AE /* ViewController.m in Sources */ = {isa = PBXBuildFile; fileRef = 57F81C7E1D6D76A800C474AE /* ViewController.m */; };
		57F81C821D6D76A800C474AE /* Main.storyboard in Resources */ = {isa = PBXBuildFile; fileRef = 57F81C801D6D76A800C474AE /* Main.storyboard */; };
		57F81C841D6D76A800C474AE /* Assets.xcassets in Resources */ = {isa = PBXBuildFile; fileRef = 57F81C831D6D76A800C474AE /* Assets.xcassets */; };
		57F81C871D6D76A800C474AE /* LaunchScreen.storyboard in Resources */ = {isa = PBXBuildFile; fileRef = 57F81C851D6D76A800C474AE /* LaunchScreen.storyboard */; };
		57F81C901D6D778100C474AE /* MyClass1.m in Sources */ = {isa = PBXBuildFile; fileRef = 57F81C8F1D6D778100C474AE /* MyClass1.m */; };
		57F81C931D6D778A00C474AE /* MyClass2.m in Sources */ = {isa = PBXBuildFile; fileRef = 57F81C921D6D778A00C474AE /* MyClass2.m */; };
		57F81C961D6D784B00C474AE /* MyClass3.cpp in Sources */ = {isa = PBXBuildFile; fileRef = 57F81C941D6D784B00C474AE /* MyClass3.cpp */; };
/* End PBXBuildFile section */

/* Begin PBXCopyFilesBuildPhase section */
		5799F9401D6ED8F900D1A3E3 /* Embed Frameworks */ = {
			isa = PBXCopyFilesBuildPhase;
			buildActionMask = 2147483647;
			dstPath = "";
			dstSubfolderSpec = 10;
			files = (
				5799F93F1D6ED8F900D1A3E3 /* MyDynamicLib.framework in Embed Frameworks */,
			);
			name = "Embed Frameworks";
			runOnlyForDeploymentPostprocessing = 0;
		};
/* End PBXCopyFilesBuildPhase section */

/* Begin PBXFileReference section */
		5799F8FB1D6ED25900D1A3E3 /* libMyLib1.a */ = {isa = PBXFileReference; lastKnownFileType = archive.ar; path = libMyLib1.a; sourceTree = "<group>"; };
		5799F8FC1D6ED25900D1A3E3 /* MyLib1.h */ = {isa = PBXFileReference; fileEncoding = 4; lastKnownFileType = sourcecode.c.h; path = MyLib1.h; sourceTree = "<group>"; };
		5799F8FD1D6ED25900D1A3E3 /* MyLib2.h */ = {isa = PBXFileReference; fileEncoding = 4; lastKnownFileType = sourcecode.c.h; path = MyLib2.h; sourceTree = "<group>"; };
		5799F91C1D6ED5CB00D1A3E3 /* MyFWorkLib.framework */ = {isa = PBXFileReference; lastKnownFileType = wrapper.framework; path = MyFWorkLib.framework; sourceTree = "<group>"; };
		5799F93B1D6ED81900D1A3E3 /* MyDynamicLib.framework */ = {isa = PBXFileReference; lastKnownFileType = wrapper.framework; path = MyDynamicLib.framework; sourceTree = "<group>"; };
		5799F9421D6ED95200D1A3E3 /* MyDynamicLib.framework */ = {isa = PBXFileReference; lastKnownFileType = wrapper.framework; path = MyDynamicLib.framework; sourceTree = "<group>"; };
		57F81C741D6D76A700C474AE /* ReflectionDemo.app */ = {isa = PBXFileReference; explicitFileType = wrapper.application; includeInIndex = 0; path = ReflectionDemo.app; sourceTree = BUILT_PRODUCTS_DIR; };
		57F81C781D6D76A800C474AE /* main.m */ = {isa = PBXFileReference; lastKnownFileType = sourcecode.c.objc; path = main.m; sourceTree = "<group>"; };
		57F81C7A1D6D76A800C474AE /* AppDelegate.h */ = {isa = PBXFileReference; lastKnownFileType = sourcecode.c.h; path = AppDelegate.h; sourceTree = "<group>"; };
		57F81C7B1D6D76A800C474AE /* AppDelegate.m */ = {isa = PBXFileReference; lastKnownFileType = sourcecode.c.objc; path = AppDelegate.m; sourceTree = "<group>"; };
		57F81C7D1D6D76A800C474AE /* ViewController.h */ = {isa = PBXFileReference; lastKnownFileType = sourcecode.c.h; path = ViewController.h; sourceTree = "<group>"; };
		57F81C7E1D6D76A800C474AE /* ViewController.m */ = {isa = PBXFileReference; lastKnownFileType = sourcecode.c.objc; path = ViewController.m; sourceTree = "<group>"; };
		57F81C811D6D76A800C474AE /* Base */ = {isa = PBXFileReference; lastKnownFileType = file.storyboard; name = Base; path = Base.lproj/Main.storyboard; sourceTree = "<group>"; };
		57F81C831D6D76A800C474AE /* Assets.xcassets */ = {isa = PBXFileReference; lastKnownFileType = folder.assetcatalog; path = Assets.xcassets; sourceTree = "<group>"; };
		57F81C861D6D76A800C474AE /* Base */ = {isa = PBXFileReference; lastKnownFileType = file.storyboard; name = Base; path = Base.lproj/LaunchScreen.storyboard; sourceTree = "<group>"; };
		57F81C881D6D76A900C474AE /* Info.plist */ = {isa = PBXFileReference; lastKnownFileType = text.plist.xml; path = Info.plist; sourceTree = "<group>"; };
		57F81C8E1D6D778100C474AE /* MyClass1.h */ = {isa = PBXFileReference; fileEncoding = 4; lastKnownFileType = sourcecode.c.h; path = MyClass1.h; sourceTree = "<group>"; };
		57F81C8F1D6D778100C474AE /* MyClass1.m */ = {isa = PBXFileReference; fileEncoding = 4; lastKnownFileType = sourcecode.c.objc; path = MyClass1.m; sourceTree = "<group>"; };
		57F81C911D6D778A00C474AE /* MyClass2.h */ = {isa = PBXFileReference; fileEncoding = 4; lastKnownFileType = sourcecode.c.h; path = MyClass2.h; sourceTree = "<group>"; };
		57F81C921D6D778A00C474AE /* MyClass2.m */ = {isa = PBXFileReference; fileEncoding = 4; lastKnownFileType = sourcecode.c.objc; path = MyClass2.m; sourceTree = "<group>"; };
		57F81C941D6D784B00C474AE /* MyClass3.cpp */ = {isa = PBXFileReference; fileEncoding = 4; lastKnownFileType = sourcecode.cpp.cpp; path = MyClass3.cpp; sourceTree = "<group>"; };
		57F81C951D6D784B00C474AE /* MyClass3.hpp */ = {isa = PBXFileReference; fileEncoding = 4; lastKnownFileType = sourcecode.cpp.h; path = MyClass3.hpp; sourceTree = "<group>"; };
		78E78AA9352B3230E0575469 /* Pods-ReflectionDemo.release.xcconfig */ = {isa = PBXFileReference; includeInIndex = 1; lastKnownFileType = text.xcconfig; name = "Pods-ReflectionDemo.release.xcconfig"; path = "Pods/Target Support Files/Pods-ReflectionDemo/Pods-ReflectionDemo.release.xcconfig"; sourceTree = "<group>"; };
		97C697D8870DAFAA172CB550 /* Pods-ReflectionDemo.debug.xcconfig */ = {isa = PBXFileReference; includeInIndex = 1; lastKnownFileType = text.xcconfig; name = "Pods-ReflectionDemo.debug.xcconfig"; path = "Pods/Target Support Files/Pods-ReflectionDemo/Pods-ReflectionDemo.debug.xcconfig"; sourceTree = "<group>"; };
		B6301F3079B4AE2E4F9EF3E7 /* libPods-ReflectionDemo.a */ = {isa = PBXFileReference; explicitFileType = archive.ar; includeInIndex = 0; path = "libPods-ReflectionDemo.a"; sourceTree = BUILT_PRODUCTS_DIR; };
/* End PBXFileReference section */

/* Begin PBXFrameworksBuildPhase section */
		57F81C711D6D76A700C474AE /* Frameworks */ = {
			isa = PBXFrameworksBuildPhase;
			buildActionMask = 2147483647;
			files = (
				5799F9431D6ED99700D1A3E3 /* MyDynamicLib.framework in Frameworks */,
				04E952BE523748DF2AAE9CCD /* libPods-ReflectionDemo.a in Frameworks */,
				5799F91D1D6ED5CB00D1A3E3 /* MyFWorkLib.framework in Frameworks */,
				5799F8FE1D6ED25900D1A3E3 /* libMyLib1.a in Frameworks */,
			);
			runOnlyForDeploymentPostprocessing = 0;
		};
/* End PBXFrameworksBuildPhase section */

/* Begin PBXGroup section */
		47A4D517B31AE9EDE6B0E485 /* Frameworks */ = {
			isa = PBXGroup;
			children = (
				5799F9411D6ED95200D1A3E3 /* MyDlib */,
				B6301F3079B4AE2E4F9EF3E7 /* libPods-ReflectionDemo.a */,
			);
			name = Frameworks;
			sourceTree = "<group>";
		};
		5799F8E61D6ED00B00D1A3E3 /* Library */ = {
			isa = PBXGroup;
			children = (
				5799F93A1D6ED81900D1A3E3 /* MyDlib */,
				5799F91B1D6ED5CB00D1A3E3 /* MyFWorkLib */,
				5799F8F81D6ED25900D1A3E3 /* Mylib1 */,
			);
			name = Library;
			sourceTree = "<group>";
		};
		5799F8F81D6ED25900D1A3E3 /* Mylib1 */ = {
			isa = PBXGroup;
			children = (
				5799F8F91D6ED25900D1A3E3 /* iPhone */,
				5799F8FA1D6ED25900D1A3E3 /* Simulator */,
			);
			path = Mylib1;
			sourceTree = "<group>";
		};
		5799F8F91D6ED25900D1A3E3 /* iPhone */ = {
			isa = PBXGroup;
			children = (
			);
			path = iPhone;
			sourceTree = "<group>";
		};
		5799F8FA1D6ED25900D1A3E3 /* Simulator */ = {
			isa = PBXGroup;
			children = (
				5799F8FB1D6ED25900D1A3E3 /* libMyLib1.a */,
				5799F8FC1D6ED25900D1A3E3 /* MyLib1.h */,
				5799F8FD1D6ED25900D1A3E3 /* MyLib2.h */,
			);
			path = Simulator;
			sourceTree = "<group>";
		};
		5799F91B1D6ED5CB00D1A3E3 /* MyFWorkLib */ = {
			isa = PBXGroup;
			children = (
				5799F91C1D6ED5CB00D1A3E3 /* MyFWorkLib.framework */,
			);
			path = MyFWorkLib;
			sourceTree = "<group>";
		};
		5799F93A1D6ED81900D1A3E3 /* MyDlib */ = {
			isa = PBXGroup;
			children = (
				5799F93B1D6ED81900D1A3E3 /* MyDynamicLib.framework */,
			);
			path = MyDlib;
			sourceTree = "<group>";
		};
		5799F9411D6ED95200D1A3E3 /* MyDlib */ = {
			isa = PBXGroup;
			children = (
				5799F9421D6ED95200D1A3E3 /* MyDynamicLib.framework */,
			);
			path = MyDlib;
			sourceTree = "<group>";
		};
		57F81C6B1D6D76A700C474AE = {
			isa = PBXGroup;
			children = (
				5799F8E61D6ED00B00D1A3E3 /* Library */,
				57F81C761D6D76A800C474AE /* ReflectionDemo */,
				57F81C751D6D76A700C474AE /* Products */,
				BEE2479234C9EE0505BD6549 /* Pods */,
				47A4D517B31AE9EDE6B0E485 /* Frameworks */,
			);
			sourceTree = "<group>";
		};
		57F81C751D6D76A700C474AE /* Products */ = {
			isa = PBXGroup;
			children = (
				57F81C741D6D76A700C474AE /* ReflectionDemo.app */,
			);
			name = Products;
			sourceTree = "<group>";
		};
		57F81C761D6D76A800C474AE /* ReflectionDemo */ = {
			isa = PBXGroup;
			children = (
				57F81C7A1D6D76A800C474AE /* AppDelegate.h */,
				57F81C7B1D6D76A800C474AE /* AppDelegate.m */,
				57F81C7D1D6D76A800C474AE /* ViewController.h */,
				57F81C7E1D6D76A800C474AE /* ViewController.m */,
				57F81C8E1D6D778100C474AE /* MyClass1.h */,
				57F81C8F1D6D778100C474AE /* MyClass1.m */,
				57F81C911D6D778A00C474AE /* MyClass2.h */,
				57F81C921D6D778A00C474AE /* MyClass2.m */,
				57F81C941D6D784B00C474AE /* MyClass3.cpp */,
				57F81C951D6D784B00C474AE /* MyClass3.hpp */,
				57F81C801D6D76A800C474AE /* Main.storyboard */,
				57F81C831D6D76A800C474AE /* Assets.xcassets */,
				57F81C851D6D76A800C474AE /* LaunchScreen.storyboard */,
				57F81C881D6D76A900C474AE /* Info.plist */,
				57F81C771D6D76A800C474AE /* Supporting Files */,
			);
			path = ReflectionDemo;
			sourceTree = "<group>";
		};
		57F81C771D6D76A800C474AE /* Supporting Files */ = {
			isa = PBXGroup;
			children = (
				57F81C781D6D76A800C474AE /* main.m */,
			);
			name = "Supporting Files";
			sourceTree = "<group>";
		};
		BEE2479234C9EE0505BD6549 /* Pods */ = {
			isa = PBXGroup;
			children = (
				97C697D8870DAFAA172CB550 /* Pods-ReflectionDemo.debug.xcconfig */,
				78E78AA9352B3230E0575469 /* Pods-ReflectionDemo.release.xcconfig */,
			);
			name = Pods;
			sourceTree = "<group>";
		};
/* End PBXGroup section */

/* Begin PBXNativeTarget section */
		57F81C731D6D76A700C474AE /* ReflectionDemo */ = {
			isa = PBXNativeTarget;
			buildConfigurationList = 57F81C8B1D6D76A900C474AE /* Build configuration list for PBXNativeTarget "ReflectionDemo" */;
			buildPhases = (
				D9927EC94FB76BAE9EDD017C /* 📦 Check Pods Manifest.lock */,
				57F81C701D6D76A700C474AE /* Sources */,
				57F81C711D6D76A700C474AE /* Frameworks */,
				57F81C721D6D76A700C474AE /* Resources */,
				0B20351FACDF226F6421E25A /* 📦 Embed Pods Frameworks */,
				3FBA076D12BC14B222CA2838 /* 📦 Copy Pods Resources */,
				5799F9401D6ED8F900D1A3E3 /* Embed Frameworks */,
			);
			buildRules = (
			);
			dependencies = (
			);
			name = ReflectionDemo;
			productName = ReflectionDemo;
			productReference = 57F81C741D6D76A700C474AE /* ReflectionDemo.app */;
			productType = "com.apple.product-type.application";
		};
/* End PBXNativeTarget section */

/* Begin PBXProject section */
		57F81C6C1D6D76A700C474AE /* Project object */ = {
			isa = PBXProject;
			attributes = {
				LastUpgradeCheck = 0730;
				ORGANIZATIONNAME = XiaoRuiGeGe;
				TargetAttributes = {
					57F81C731D6D76A700C474AE = {
						CreatedOnToolsVersion = 7.3.1;
					};
				};
			};
			buildConfigurationList = 57F81C6F1D6D76A700C474AE /* Build configuration list for PBXProject "ReflectionDemo" */;
			compatibilityVersion = "Xcode 3.2";
			developmentRegion = English;
			hasScannedForEncodings = 0;
			knownRegions = (
				en,
				Base,
			);
			mainGroup = 57F81C6B1D6D76A700C474AE;
			productRefGroup = 57F81C751D6D76A700C474AE /* Products */;
			projectDirPath = "";
			projectRoot = "";
			targets = (
				57F81C731D6D76A700C474AE /* ReflectionDemo */,
			);
		};
/* End PBXProject section */

/* Begin PBXResourcesBuildPhase section */
		57F81C721D6D76A700C474AE /* Resources */ = {
			isa = PBXResourcesBuildPhase;
			buildActionMask = 2147483647;
			files = (
				57F81C871D6D76A800C474AE /* LaunchScreen.storyboard in Resources */,
				57F81C841D6D76A800C474AE /* Assets.xcassets in Resources */,
				57F81C821D6D76A800C474AE /* Main.storyboard in Resources */,
			);
			runOnlyForDeploymentPostprocessing = 0;
		};
/* End PBXResourcesBuildPhase section */

/* Begin PBXShellScriptBuildPhase section */
		0B20351FACDF226F6421E25A /* 📦 Embed Pods Frameworks */ = {
			isa = PBXShellScriptBuildPhase;
			buildActionMask = 2147483647;
			files = (
			);
			inputPaths = (
			);
			name = "📦 Embed Pods Frameworks";
			outputPaths = (
			);
			runOnlyForDeploymentPostprocessing = 0;
			shellPath = /bin/sh;
			shellScript = "\"${SRCROOT}/Pods/Target Support Files/Pods-ReflectionDemo/Pods-ReflectionDemo-frameworks.sh\"\n";
			showEnvVarsInLog = 0;
		};
		3FBA076D12BC14B222CA2838 /* 📦 Copy Pods Resources */ = {
			isa = PBXShellScriptBuildPhase;
			buildActionMask = 2147483647;
			files = (
			);
			inputPaths = (
			);
			name = "📦 Copy Pods Resources";
			outputPaths = (
			);
			runOnlyForDeploymentPostprocessing = 0;
			shellPath = /bin/sh;
			shellScript = "\"${SRCROOT}/Pods/Target Support Files/Pods-ReflectionDemo/Pods-ReflectionDemo-resources.sh\"\n";
			showEnvVarsInLog = 0;
		};
		D9927EC94FB76BAE9EDD017C /* 📦 Check Pods Manifest.lock */ = {
			isa = PBXShellScriptBuildPhase;
			buildActionMask = 2147483647;
			files = (
			);
			inputPaths = (
			);
			name = "📦 Check Pods Manifest.lock";
			outputPaths = (
			);
			runOnlyForDeploymentPostprocessing = 0;
			shellPath = /bin/sh;
			shellScript = "diff \"${PODS_ROOT}/../Podfile.lock\" \"${PODS_ROOT}/Manifest.lock\" > /dev/null\nif [[ $? != 0 ]] ; then\n    cat << EOM\nerror: The sandbox is not in sync with the Podfile.lock. Run 'pod install' or update your CocoaPods installation.\nEOM\n    exit 1\nfi\n";
			showEnvVarsInLog = 0;
		};
/* End PBXShellScriptBuildPhase section */

/* Begin PBXSourcesBuildPhase section */
		57F81C701D6D76A700C474AE /* Sources */ = {
			isa = PBXSourcesBuildPhase;
			buildActionMask = 2147483647;
			files = (
				57F81C961D6D784B00C474AE /* MyClass3.cpp in Sources */,
				57F81C7F1D6D76A800C474AE /* ViewController.m in Sources */,
				57F81C7C1D6D76A800C474AE /* AppDelegate.m in Sources */,
				57F81C901D6D778100C474AE /* MyClass1.m in Sources */,
				57F81C791D6D76A800C474AE /* main.m in Sources */,
				57F81C931D6D778A00C474AE /* MyClass2.m in Sources */,
			);
			runOnlyForDeploymentPostprocessing = 0;
		};
/* End PBXSourcesBuildPhase section */

/* Begin PBXVariantGroup section */
		57F81C801D6D76A800C474AE /* Main.storyboard */ = {
			isa = PBXVariantGroup;
			children = (
				57F81C811D6D76A800C474AE /* Base */,
			);
			name = Main.storyboard;
			sourceTree = "<group>";
		};
		57F81C851D6D76A800C474AE /* LaunchScreen.storyboard */ = {
			isa = PBXVariantGroup;
			children = (
				57F81C861D6D76A800C474AE /* Base */,
			);
			name = LaunchScreen.storyboard;
			sourceTree = "<group>";
		};
/* End PBXVariantGroup section */

/* Begin XCBuildConfiguration section */
		57F81C891D6D76A900C474AE /* Debug */ = {
			isa = XCBuildConfiguration;
			buildSettings = {
				ALWAYS_SEARCH_USER_PATHS = NO;
				CLANG_ANALYZER_NONNULL = YES;
				CLANG_CXX_LANGUAGE_STANDARD = "gnu++0x";
				CLANG_CXX_LIBRARY = "libc++";
				CLANG_ENABLE_MODULES = YES;
				CLANG_ENABLE_OBJC_ARC = YES;
				CLANG_WARN_BOOL_CONVERSION = YES;
				CLANG_WARN_CONSTANT_CONVERSION = YES;
				CLANG_WARN_DIRECT_OBJC_ISA_USAGE = YES_ERROR;
				CLANG_WARN_EMPTY_BODY = YES;
				CLANG_WARN_ENUM_CONVERSION = YES;
				CLANG_WARN_INT_CONVERSION = YES;
				CLANG_WARN_OBJC_ROOT_CLASS = YES_ERROR;
				CLANG_WARN_UNREACHABLE_CODE = YES;
				CLANG_WARN__DUPLICATE_METHOD_MATCH = YES;
				"CODE_SIGN_IDENTITY[sdk=iphoneos*]" = "iPhone Developer";
				COPY_PHASE_STRIP = NO;
				DEBUG_INFORMATION_FORMAT = dwarf;
				ENABLE_STRICT_OBJC_MSGSEND = YES;
				ENABLE_TESTABILITY = YES;
				GCC_C_LANGUAGE_STANDARD = gnu99;
				GCC_DYNAMIC_NO_PIC = NO;
				GCC_NO_COMMON_BLOCKS = YES;
				GCC_OPTIMIZATION_LEVEL = 0;
				GCC_PREPROCESSOR_DEFINITIONS = (
					"DEBUG=1",
					"$(inherited)",
				);
				GCC_WARN_64_TO_32_BIT_CONVERSION = YES;
				GCC_WARN_ABOUT_RETURN_TYPE = YES_ERROR;
				GCC_WARN_UNDECLARED_SELECTOR = YES;
				GCC_WARN_UNINITIALIZED_AUTOS = YES_AGGRESSIVE;
				GCC_WARN_UNUSED_FUNCTION = YES;
				GCC_WARN_UNUSED_VARIABLE = YES;
				IPHONEOS_DEPLOYMENT_TARGET = 9.3;
				MTL_ENABLE_DEBUG_INFO = YES;
				ONLY_ACTIVE_ARCH = YES;
				SDKROOT = iphoneos;
			};
			name = Debug;
		};
		57F81C8A1D6D76A900C474AE /* Release */ = {
			isa = XCBuildConfiguration;
			buildSettings = {
				ALWAYS_SEARCH_USER_PATHS = NO;
				CLANG_ANALYZER_NONNULL = YES;
				CLANG_CXX_LANGUAGE_STANDARD = "gnu++0x";
				CLANG_CXX_LIBRARY = "libc++";
				CLANG_ENABLE_MODULES = YES;
				CLANG_ENABLE_OBJC_ARC = YES;
				CLANG_WARN_BOOL_CONVERSION = YES;
				CLANG_WARN_CONSTANT_CONVERSION = YES;
				CLANG_WARN_DIRECT_OBJC_ISA_USAGE = YES_ERROR;
				CLANG_WARN_EMPTY_BODY = YES;
				CLANG_WARN_ENUM_CONVERSION = YES;
				CLANG_WARN_INT_CONVERSION = YES;
				CLANG_WARN_OBJC_ROOT_CLASS = YES_ERROR;
				CLANG_WARN_UNREACHABLE_CODE = YES;
				CLANG_WARN__DUPLICATE_METHOD_MATCH = YES;
				"CODE_SIGN_IDENTITY[sdk=iphoneos*]" = "iPhone Developer";
				COPY_PHASE_STRIP = NO;
				DEBUG_INFORMATION_FORMAT = "dwarf-with-dsym";
				ENABLE_NS_ASSERTIONS = NO;
				ENABLE_STRICT_OBJC_MSGSEND = YES;
				GCC_C_LANGUAGE_STANDARD = gnu99;
				GCC_NO_COMMON_BLOCKS = YES;
				GCC_WARN_64_TO_32_BIT_CONVERSION = YES;
				GCC_WARN_ABOUT_RETURN_TYPE = YES_ERROR;
				GCC_WARN_UNDECLARED_SELECTOR = YES;
				GCC_WARN_UNINITIALIZED_AUTOS = YES_AGGRESSIVE;
				GCC_WARN_UNUSED_FUNCTION = YES;
				GCC_WARN_UNUSED_VARIABLE = YES;
				IPHONEOS_DEPLOYMENT_TARGET = 9.3;
				MTL_ENABLE_DEBUG_INFO = NO;
				SDKROOT = iphoneos;
				VALIDATE_PRODUCT = YES;
			};
			name = Release;
		};
		57F81C8C1D6D76A900C474AE /* Debug */ = {
			isa = XCBuildConfiguration;
			baseConfigurationReference = 97C697D8870DAFAA172CB550 /* Pods-ReflectionDemo.debug.xcconfig */;
			buildSettings = {
				ASSETCATALOG_COMPILER_APPICON_NAME = AppIcon;
				FRAMEWORK_SEARCH_PATHS = (
					"$(inherited)",
					"$(PROJECT_DIR)/MyFWorkLib",
					"$(PROJECT_DIR)/MyDlib",
				);
				INFOPLIST_FILE = ReflectionDemo/Info.plist;
				IPHONEOS_DEPLOYMENT_TARGET = 7.0;
				LD_RUNPATH_SEARCH_PATHS = "$(inherited) @executable_path/Frameworks";
				LIBRARY_SEARCH_PATHS = (
					"$(inherited)",
					"$(PROJECT_DIR)/Mylib1/iPhone",
					"$(PROJECT_DIR)/Mylib1/Simulator",
				);
				OTHER_LDFLAGS = (
					"$(inherited)",
					"-ObjC",
					"-l\"AFNetworking\"",
					"-l\"ZRAlertController\"",
					"-framework",
					"\"CoreGraphics\"",
					"-framework",
					"\"MobileCoreServices\"",
					"-framework",
					"\"Security\"",
					"-framework",
					"\"SystemConfiguration\"",
					"-framework",
					"\"UIKit\"",
				);
				PRODUCT_BUNDLE_IDENTIFIER = com.xiaoruigege.ReflectionDemo;
				PRODUCT_NAME = "$(TARGET_NAME)";
			};
			name = Debug;
		};
		57F81C8D1D6D76A900C474AE /* Release */ = {
			isa = XCBuildConfiguration;
			baseConfigurationReference = 78E78AA9352B3230E0575469 /* Pods-ReflectionDemo.release.xcconfig */;
			buildSettings = {
				ASSETCATALOG_COMPILER_APPICON_NAME = AppIcon;
				FRAMEWORK_SEARCH_PATHS = (
					"$(inherited)",
					"$(PROJECT_DIR)/MyFWorkLib",
					"$(PROJECT_DIR)/MyDlib",
				);
				INFOPLIST_FILE = ReflectionDemo/Info.plist;
				IPHONEOS_DEPLOYMENT_TARGET = 7.0;
				LD_RUNPATH_SEARCH_PATHS = "$(inherited) @executable_path/Frameworks";
				LIBRARY_SEARCH_PATHS = (
					"$(inherited)",
					"$(PROJECT_DIR)/Mylib1/iPhone",
					"$(PROJECT_DIR)/Mylib1/Simulator",
				);
				OTHER_LDFLAGS = (
					"$(inherited)",
					"-ObjC",
					"-l\"AFNetworking\"",
					"-l\"ZRAlertController\"",
					"-framework",
					"\"CoreGraphics\"",
					"-framework",
					"\"MobileCoreServices\"",
					"-framework",
					"\"Security\"",
					"-framework",
					"\"SystemConfiguration\"",
					"-framework",
					"\"UIKit\"",
				);
				PRODUCT_BUNDLE_IDENTIFIER = com.xiaoruigege.ReflectionDemo;
				PRODUCT_NAME = "$(TARGET_NAME)";
			};
			name = Release;
		};
/* End XCBuildConfiguration section */

/* Begin XCConfigurationList section */
		57F81C6F1D6D76A700C474AE /* Build configuration list for PBXProject "ReflectionDemo" */ = {
			isa = XCConfigurationList;
			buildConfigurations = (
				57F81C891D6D76A900C474AE /* Debug */,
				57F81C8A1D6D76A900C474AE /* Release */,
			);
			defaultConfigurationIsVisible = 0;
			defaultConfigurationName = Release;
		};
		57F81C8B1D6D76A900C474AE /* Build configuration list for PBXNativeTarget "ReflectionDemo" */ = {
			isa = XCConfigurationList;
			buildConfigurations = (
				57F81C8C1D6D76A900C474AE /* Debug */,
				57F81C8D1D6D76A900C474AE /* Release */,
			);
			defaultConfigurationIsVisible = 0;
			defaultConfigurationName = Release;
		};
/* End XCConfigurationList section */
	};
	rootObject = 57F81C6C1D6D76A700C474AE /* Project object */;
}
